schema: '2.0'
stages:
  data_ingestion:
    cmd: python src/data_ingestion.py
    deps:
    - path: src/data_ingestion.py
      hash: md5
      md5: b008a652481c3155f08de41a14983745
      size: 3578
    params:
      params.yaml:
        data_ingestion.test_size: 0.16
    outs:
    - path: data/raw
      hash: md5
      md5: 1d527f3003307493716fea3ed4e0fe1e.dir
      size: 479272
      nfiles: 2
  data_preprocessing:
    cmd: python src/data_preprocessing.py
    deps:
    - path: data/raw
      hash: md5
      md5: 1d527f3003307493716fea3ed4e0fe1e.dir
      size: 479272
      nfiles: 2
    - path: src/data_preprocessing.py
      hash: md5
      md5: 158130fa3ada2ed96ada460b539d42e9
      size: 3864
    outs:
    - path: data/interim
      hash: md5
      md5: e52820d96f8f32b5728bdeb0e94c46df.dir
      size: 254059
      nfiles: 2
  feature_engineering:
    cmd: python src/feature_engineering.py
    deps:
    - path: data/interim
      hash: md5
      md5: e52820d96f8f32b5728bdeb0e94c46df.dir
      size: 254059
      nfiles: 2
    - path: src/feature_engineering.py
      hash: md5
      md5: 55c838f8b9b24bdf96f0bf4a576fbf73
      size: 3798
    params:
      params.yaml:
        feature_engineering.max_features: 38
    outs:
    - path: data/processed
      hash: md5
      md5: ebd8200aa1893da7cb23712952aeb426.dir
      size: 897567
      nfiles: 2
  model_building:
    cmd: python src/model_building.py
    deps:
    - path: data/processed
      hash: md5
      md5: ebd8200aa1893da7cb23712952aeb426.dir
      size: 897567
      nfiles: 2
    - path: src/model_building.py
      hash: md5
      md5: 17ca7834783a6b2822184e114c2d9980
      size: 4287
    params:
      params.yaml:
        model_building.n_estimators: 21
        model_building.random_state: 2
    outs:
    - path: models/model.pkl
      hash: md5
      md5: 0125838a65e9edcaf2c67007ef358f1d
      size: 695954
  model_evaluation:
    cmd: python src/model_evaluation.py
    deps:
    - path: models/model.pkl
      hash: md5
      md5: 0125838a65e9edcaf2c67007ef358f1d
      size: 695954
    - path: src/model_evaluation.py
      hash: md5
      md5: efb1de9838f57b0e50862992a47805df
      size: 4502
    outs:
    - path: reports/metrics.json
      hash: md5
      md5: d090ae24da9615f3b8a73983f55ed211
      size: 140
